
Microsoft Visual Studio Solution File, Format Version 12.00
# Visual Studio Version 16
VisualStudioVersion = 16.0.30204.135
MinimumVisualStudioVersion = 10.0.40219.1
Project("{8BC9CEB8-8B4A-11D0-8D11-00A0C91BC942}") = "ЖД_станция", "ЖД_станция\ЖД_станция.vcxproj", "{B63A9DC0-DED8-412E-A732-B7810B7BD93B}"
EndProject
Global
	GlobalSection(SolutionConfigurationPlatforms) = preSolution
		Debug|x64 = Debug|x64
		Debug|x86 = Debug|x86
		Release|x64 = Release|x64
		Release|x86 = Release|x86
	EndGlobalSection
	GlobalSection(ProjectConfigurationPlatforms) = postSolution
		{B63A9DC0-DED8-412E-A732-B7810B7BD93B}.Debug|x64.ActiveCfg = Debug|x64
		{B63A9DC0-DED8-412E-A732-B7810B7BD93B}.Debug|x64.Build.0 = Debug|x64
		{B63A9DC0-DED8-412E-A732-B7810B7BD93B}.Debug|x86.ActiveCfg = Debug|Win32
		{B63A9DC0-DED8-412E-A732-B7810B7BD93B}.Debug|x86.Build.0 = Debug|Win32
		{B63A9DC0-DED8-412E-A732-B7810B7BD93B}.Release|x64.ActiveCfg = Release|x64
		{B63A9DC0-DED8-412E-A732-B7810B7BD93B}.Release|x64.Build.0 = Release|x64
		{B63A9DC0-DED8-412E-A732-B7810B7BD93B}.Release|x86.ActiveCfg = Release|Win32
		{B63A9DC0-DED8-412E-A732-B7810B7BD93B}.Release|x86.Build.0 = Release|Win32
	EndGlobalSection
	GlobalSection(SolutionProperties) = preSolution
		HideSolutionNode = FALSE
	EndGlobalSection
	GlobalSection(ExtensibilityGlobals) = postSolution
		SolutionGuid = {EB616AB6-5E2F-40C1-A4FB-17719AC36207}
	EndGlobalSection
EndGlobal
